
Microsoft Visual Studio Solution File, Format Version 12.00
# Visual Studio Version 16
VisualStudioVersion = 16.0.29905.134
MinimumVisualStudioVersion = 10.0.40219.1
Project("{FAE04EC0-301F-11D3-BF4B-00C04F79EFBC}") = "NSAP-ODK", "NSAP-ODK.csproj", "{8054761F-F78F-4E3F-A177-85263E70FFF8}"
EndProject
Project("{54435603-DBB4-11D2-8724-00A0C9A8B90C}") = "SetupNSAP_ODK", "..\Installer\SetupNSAP_ODK\SetupNSAP_ODK.vdproj", "{5D892C61-6C98-431C-8481-B74007F7121E}"
EndProject
Project("{FAE04EC0-301F-11D3-BF4B-00C04F79EFBC}") = "NSAP_ODK Console", "..\NSAP_ODK Console\NSAP_ODK Console.csproj", "{858DC054-A614-41D4-A554-9B0B3CEC6304}"
EndProject
Global
	GlobalSection(SolutionConfigurationPlatforms) = preSolution
		Debug|Any CPU = Debug|Any CPU
		Release|Any CPU = Release|Any CPU
	EndGlobalSection
	GlobalSection(ProjectConfigurationPlatforms) = postSolution
		{8054761F-F78F-4E3F-A177-85263E70FFF8}.Debug|Any CPU.ActiveCfg = Debug|Any CPU
		{8054761F-F78F-4E3F-A177-85263E70FFF8}.Debug|Any CPU.Build.0 = Debug|Any CPU
		{8054761F-F78F-4E3F-A177-85263E70FFF8}.Release|Any CPU.ActiveCfg = Release|Any CPU
		{8054761F-F78F-4E3F-A177-85263E70FFF8}.Release|Any CPU.Build.0 = Release|Any CPU
		{5D892C61-6C98-431C-8481-B74007F7121E}.Debug|Any CPU.ActiveCfg = Debug
		{5D892C61-6C98-431C-8481-B74007F7121E}.Release|Any CPU.ActiveCfg = Release
		{858DC054-A614-41D4-A554-9B0B3CEC6304}.Debug|Any CPU.ActiveCfg = Debug|Any CPU
		{858DC054-A614-41D4-A554-9B0B3CEC6304}.Debug|Any CPU.Build.0 = Debug|Any CPU
		{858DC054-A614-41D4-A554-9B0B3CEC6304}.Release|Any CPU.ActiveCfg = Release|Any CPU
		{858DC054-A614-41D4-A554-9B0B3CEC6304}.Release|Any CPU.Build.0 = Release|Any CPU
	EndGlobalSection
	GlobalSection(SolutionProperties) = preSolution
		HideSolutionNode = FALSE
	EndGlobalSection
	GlobalSection(ExtensibilityGlobals) = postSolution
		SolutionGuid = {134E296A-E80B-45DA-AC1A-F02C95BF9B34}
	EndGlobalSection
EndGlobal
